
Microsoft Visual Studio Solution File, Format Version 12.00
# Visual Studio Version 16
VisualStudioVersion = 16.0.32002.261
MinimumVisualStudioVersion = 10.0.40219.1
Project("{FAE04EC0-301F-11D3-BF4B-00C04F79EFBC}") = "DDL Injector", "DDL Injector\DDL Injector.csproj", "{3D94CB81-AF68-4FED-8C12-751576139906}"
EndProject
Global
	GlobalSection(SolutionConfigurationPlatforms) = preSolution
		Debug|Any CPU = Debug|Any CPU
		Debug|x64 = Debug|x64
		Release|Any CPU = Release|Any CPU
		Release|x64 = Release|x64
	EndGlobalSection
	GlobalSection(ProjectConfigurationPlatforms) = postSolution
		{3D94CB81-AF68-4FED-8C12-751576139906}.Debug|Any CPU.ActiveCfg = Debug|Any CPU
		{3D94CB81-AF68-4FED-8C12-751576139906}.Debug|Any CPU.Build.0 = Debug|Any CPU
		{3D94CB81-AF68-4FED-8C12-751576139906}.Debug|x64.ActiveCfg = Debug|x64
		{3D94CB81-AF68-4FED-8C12-751576139906}.Debug|x64.Build.0 = Debug|x64
		{3D94CB81-AF68-4FED-8C12-751576139906}.Release|Any CPU.ActiveCfg = Release|Any CPU
		{3D94CB81-AF68-4FED-8C12-751576139906}.Release|Any CPU.Build.0 = Release|Any CPU
		{3D94CB81-AF68-4FED-8C12-751576139906}.Release|x64.ActiveCfg = Release|x64
		{3D94CB81-AF68-4FED-8C12-751576139906}.Release|x64.Build.0 = Release|x64
	EndGlobalSection
	GlobalSection(SolutionProperties) = preSolution
		HideSolutionNode = FALSE
	EndGlobalSection
	GlobalSection(ExtensibilityGlobals) = postSolution
		SolutionGuid = {185C50E3-B026-4B7D-A424-825BBD61EC17}
	EndGlobalSection
EndGlobal
